
Microsoft Visual Studio Solution File, Format Version 12.00
# Visual Studio 15
VisualStudioVersion = 15.0.26124.0
MinimumVisualStudioVersion = 15.0.26124.0
Project("{2150E333-8FDC-42A3-9474-1A3956D46DE8}") = "src", "src", "{60EDA140-F6EB-41B8-BE9E-B7391B259E6E}"
EndProject
Project("{FAE04EC0-301F-11D3-BF4B-00C04F79EFBC}") = "PalTracker", "src\PalTracker\PalTracker.csproj", "{683DBCCF-67EA-46E3-96D4-BC726D9F725F}"
EndProject
Project("{2150E333-8FDC-42A3-9474-1A3956D46DE8}") = "test", "test", "{A9D1A38F-27E7-4B44-8D00-3B5EA0759EBD}"
EndProject
Project("{FAE04EC0-301F-11D3-BF4B-00C04F79EFBC}") = "PalTrackerTests", "test\PalTrackerTests\PalTrackerTests.csproj", "{B513DBB8-CA54-46F5-8217-663D5AE0F0B1}"
EndProject
Global
	GlobalSection(SolutionConfigurationPlatforms) = preSolution
		Debug|Any CPU = Debug|Any CPU
		Debug|x64 = Debug|x64
		Debug|x86 = Debug|x86
		Release|Any CPU = Release|Any CPU
		Release|x64 = Release|x64
		Release|x86 = Release|x86
	EndGlobalSection
	GlobalSection(SolutionProperties) = preSolution
		HideSolutionNode = FALSE
	EndGlobalSection
	GlobalSection(ProjectConfigurationPlatforms) = postSolution
		{683DBCCF-67EA-46E3-96D4-BC726D9F725F}.Debug|Any CPU.ActiveCfg = Debug|Any CPU
		{683DBCCF-67EA-46E3-96D4-BC726D9F725F}.Debug|Any CPU.Build.0 = Debug|Any CPU
		{683DBCCF-67EA-46E3-96D4-BC726D9F725F}.Debug|x64.ActiveCfg = Debug|Any CPU
		{683DBCCF-67EA-46E3-96D4-BC726D9F725F}.Debug|x64.Build.0 = Debug|Any CPU
		{683DBCCF-67EA-46E3-96D4-BC726D9F725F}.Debug|x86.ActiveCfg = Debug|Any CPU
		{683DBCCF-67EA-46E3-96D4-BC726D9F725F}.Debug|x86.Build.0 = Debug|Any CPU
		{683DBCCF-67EA-46E3-96D4-BC726D9F725F}.Release|Any CPU.ActiveCfg = Release|Any CPU
		{683DBCCF-67EA-46E3-96D4-BC726D9F725F}.Release|Any CPU.Build.0 = Release|Any CPU
		{683DBCCF-67EA-46E3-96D4-BC726D9F725F}.Release|x64.ActiveCfg = Release|Any CPU
		{683DBCCF-67EA-46E3-96D4-BC726D9F725F}.Release|x64.Build.0 = Release|Any CPU
		{683DBCCF-67EA-46E3-96D4-BC726D9F725F}.Release|x86.ActiveCfg = Release|Any CPU
		{683DBCCF-67EA-46E3-96D4-BC726D9F725F}.Release|x86.Build.0 = Release|Any CPU
		{B513DBB8-CA54-46F5-8217-663D5AE0F0B1}.Debug|Any CPU.ActiveCfg = Debug|Any CPU
		{B513DBB8-CA54-46F5-8217-663D5AE0F0B1}.Debug|Any CPU.Build.0 = Debug|Any CPU
		{B513DBB8-CA54-46F5-8217-663D5AE0F0B1}.Debug|x64.ActiveCfg = Debug|Any CPU
		{B513DBB8-CA54-46F5-8217-663D5AE0F0B1}.Debug|x64.Build.0 = Debug|Any CPU
		{B513DBB8-CA54-46F5-8217-663D5AE0F0B1}.Debug|x86.ActiveCfg = Debug|Any CPU
		{B513DBB8-CA54-46F5-8217-663D5AE0F0B1}.Debug|x86.Build.0 = Debug|Any CPU
		{B513DBB8-CA54-46F5-8217-663D5AE0F0B1}.Release|Any CPU.ActiveCfg = Release|Any CPU
		{B513DBB8-CA54-46F5-8217-663D5AE0F0B1}.Release|Any CPU.Build.0 = Release|Any CPU
		{B513DBB8-CA54-46F5-8217-663D5AE0F0B1}.Release|x64.ActiveCfg = Release|Any CPU
		{B513DBB8-CA54-46F5-8217-663D5AE0F0B1}.Release|x64.Build.0 = Release|Any CPU
		{B513DBB8-CA54-46F5-8217-663D5AE0F0B1}.Release|x86.ActiveCfg = Release|Any CPU
		{B513DBB8-CA54-46F5-8217-663D5AE0F0B1}.Release|x86.Build.0 = Release|Any CPU
	EndGlobalSection
	GlobalSection(NestedProjects) = preSolution
		{683DBCCF-67EA-46E3-96D4-BC726D9F725F} = {60EDA140-F6EB-41B8-BE9E-B7391B259E6E}
		{B513DBB8-CA54-46F5-8217-663D5AE0F0B1} = {A9D1A38F-27E7-4B44-8D00-3B5EA0759EBD}
	EndGlobalSection
EndGlobal
